// !$*UTF8*$!
{
	archiveVersion = 1;
	classes = {
	};
	objectVersion = 48;
	objects = {

/* Begin PBXBuildFile section */
		8C615F9720388690005DFF23 /* AppDelegate.swift in Sources */ = {isa = PBXBuildFile; fileRef = 8C615F9620388690005DFF23 /* AppDelegate.swift */; };
		8C615F9920388690005DFF23 /* ImageSelectionViewController.swift in Sources */ = {isa = PBXBuildFile; fileRef = 8C615F9820388690005DFF23 /* ImageSelectionViewController.swift */; };
		8C615F9C20388690005DFF23 /* Main.storyboard in Resources */ = {isa = PBXBuildFile; fileRef = 8C615F9A20388690005DFF23 /* Main.storyboard */; };
		8C615F9E20388690005DFF23 /* Assets.xcassets in Resources */ = {isa = PBXBuildFile; fileRef = 8C615F9D20388690005DFF23 /* Assets.xcassets */; };
		8C615FA120388690005DFF23 /* LaunchScreen.storyboard in Resources */ = {isa = PBXBuildFile; fileRef = 8C615F9F20388690005DFF23 /* LaunchScreen.storyboard */; };
		8C615FAC20388690005DFF23 /* PastichioTests.swift in Sources */ = {isa = PBXBuildFile; fileRef = 8C615FAB20388690005DFF23 /* PastichioTests.swift */; };
		8C716D8F2098B09F00A94090 /* coreml_network.mlmodel in Sources */ = {isa = PBXBuildFile; fileRef = 8C716D8E2098B09F00A94090 /* coreml_network.mlmodel */; };
		8CD38F742098A39B00FCD1C1 /* ImageSavingViewController.swift in Sources */ = {isa = PBXBuildFile; fileRef = 8CD38F732098A39B00FCD1C1 /* ImageSavingViewController.swift */; };
/* End PBXBuildFile section */

/* Begin PBXContainerItemProxy section */
		8C615FA820388690005DFF23 /* PBXContainerItemProxy */ = {
			isa = PBXContainerItemProxy;
			containerPortal = 8C615F8B2038868F005DFF23 /* Project object */;
			proxyType = 1;
			remoteGlobalIDString = 8C615F922038868F005DFF23;
			remoteInfo = Pastichio;
		};
/* End PBXContainerItemProxy section */

/* Begin PBXFileReference section */
		8C615F9320388690005DFF23 /* Pastichio.app */ = {isa = PBXFileReference; explicitFileType = wrapper.application; includeInIndex = 0; path = Pastichio.app; sourceTree = BUILT_PRODUCTS_DIR; };
		8C615F9620388690005DFF23 /* AppDelegate.swift */ = {isa = PBXFileReference; lastKnownFileType = sourcecode.swift; path = AppDelegate.swift; sourceTree = "<group>"; };
		8C615F9820388690005DFF23 /* ImageSelectionViewController.swift */ = {isa = PBXFileReference; lastKnownFileType = sourcecode.swift; path = ImageSelectionViewController.swift; sourceTree = "<group>"; };
		8C615F9B20388690005DFF23 /* Base */ = {isa = PBXFileReference; lastKnownFileType = file.storyboard; name = Base; path = Base.lproj/Main.storyboard; sourceTree = "<group>"; };
		8C615F9D20388690005DFF23 /* Assets.xcassets */ = {isa = PBXFileReference; lastKnownFileType = folder.assetcatalog; path = Assets.xcassets; sourceTree = "<group>"; };
		8C615FA020388690005DFF23 /* Base */ = {isa = PBXFileReference; lastKnownFileType = file.storyboard; name = Base; path = Base.lproj/LaunchScreen.storyboard; sourceTree = "<group>"; };
		8C615FA220388690005DFF23 /* Info.plist */ = {isa = PBXFileReference; lastKnownFileType = text.plist.xml; path = Info.plist; sourceTree = "<group>"; };
		8C615FA720388690005DFF23 /* PastichioTests.xctest */ = {isa = PBXFileReference; explicitFileType = wrapper.cfbundle; includeInIndex = 0; path = PastichioTests.xctest; sourceTree = BUILT_PRODUCTS_DIR; };
		8C615FAB20388690005DFF23 /* PastichioTests.swift */ = {isa = PBXFileReference; lastKnownFileType = sourcecode.swift; path = PastichioTests.swift; sourceTree = "<group>"; };
		8C615FAD20388690005DFF23 /* Info.plist */ = {isa = PBXFileReference; lastKnownFileType = text.plist.xml; path = Info.plist; sourceTree = "<group>"; };
		8C716D8E2098B09F00A94090 /* coreml_network.mlmodel */ = {isa = PBXFileReference; lastKnownFileType = file.mlmodel; path = coreml_network.mlmodel; sourceTree = "<group>"; };
		8CD38F732098A39B00FCD1C1 /* ImageSavingViewController.swift */ = {isa = PBXFileReference; lastKnownFileType = sourcecode.swift; path = ImageSavingViewController.swift; sourceTree = "<group>"; };
/* End PBXFileReference section */

/* Begin PBXFrameworksBuildPhase section */
		8C615F902038868F005DFF23 /* Frameworks */ = {
			isa = PBXFrameworksBuildPhase;
			buildActionMask = 2147483647;
			files = (
			);
			runOnlyForDeploymentPostprocessing = 0;
		};
		8C615FA420388690005DFF23 /* Frameworks */ = {
			isa = PBXFrameworksBuildPhase;
			buildActionMask = 2147483647;
			files = (
			);
			runOnlyForDeploymentPostprocessing = 0;
		};
/* End PBXFrameworksBuildPhase section */

/* Begin PBXGroup section */
		8C2F24B92097204700C086A7 /* model */ = {
			isa = PBXGroup;
			children = (
				8C716D8E2098B09F00A94090 /* coreml_network.mlmodel */,
			);
			path = model;
			sourceTree = "<group>";
		};
		8C615F8A2038868F005DFF23 = {
			isa = PBXGroup;
			children = (
				8C615F9520388690005DFF23 /* Pastichio */,
				8C615FAA20388690005DFF23 /* PastichioTests */,
				8C615F9420388690005DFF23 /* Products */,
			);
			sourceTree = "<group>";
		};
		8C615F9420388690005DFF23 /* Products */ = {
			isa = PBXGroup;
			children = (
				8C615F9320388690005DFF23 /* Pastichio.app */,
				8C615FA720388690005DFF23 /* PastichioTests.xctest */,
			);
			name = Products;
			sourceTree = "<group>";
		};
		8C615F9520388690005DFF23 /* Pastichio */ = {
			isa = PBXGroup;
			children = (
				8C2F24B92097204700C086A7 /* model */,
				8C615F9620388690005DFF23 /* AppDelegate.swift */,
				8C615F9820388690005DFF23 /* ImageSelectionViewController.swift */,
				8CD38F732098A39B00FCD1C1 /* ImageSavingViewController.swift */,
				8C615F9A20388690005DFF23 /* Main.storyboard */,
				8C615F9D20388690005DFF23 /* Assets.xcassets */,
				8C615F9F20388690005DFF23 /* LaunchScreen.storyboard */,
				8C615FA220388690005DFF23 /* Info.plist */,
			);
			path = Pastichio;
			sourceTree = "<group>";
		};
		8C615FAA20388690005DFF23 /* PastichioTests */ = {
			isa = PBXGroup;
			children = (
				8C615FAB20388690005DFF23 /* PastichioTests.swift */,
				8C615FAD20388690005DFF23 /* Info.plist */,
			);
			path = PastichioTests;
			sourceTree = "<group>";
		};
/* End PBXGroup section */

/* Begin PBXNativeTarget section */
		8C615F922038868F005DFF23 /* Pastichio */ = {
			isa = PBXNativeTarget;
			buildConfigurationList = 8C615FB020388690005DFF23 /* Build configuration list for PBXNativeTarget "Pastichio" */;
			buildPhases = (
				8C615F8F2038868F005DFF23 /* Sources */,
				8C615F902038868F005DFF23 /* Frameworks */,
				8C615F912038868F005DFF23 /* Resources */,
			);
			buildRules = (
			);
			dependencies = (
			);
			name = Pastichio;
			productName = Pastichio;
			productReference = 8C615F9320388690005DFF23 /* Pastichio.app */;
			productType = "com.apple.product-type.application";
		};
		8C615FA620388690005DFF23 /* PastichioTests */ = {
			isa = PBXNativeTarget;
			buildConfigurationList = 8C615FB320388690005DFF23 /* Build configuration list for PBXNativeTarget "PastichioTests" */;
			buildPhases = (
				8C615FA320388690005DFF23 /* Sources */,
				8C615FA420388690005DFF23 /* Frameworks */,
				8C615FA520388690005DFF23 /* Resources */,
			);
			buildRules = (
			);
			dependencies = (
				8C615FA920388690005DFF23 /* PBXTargetDependency */,
			);
			name = PastichioTests;
			productName = PastichioTests;
			productReference = 8C615FA720388690005DFF23 /* PastichioTests.xctest */;
			productType = "com.apple.product-type.bundle.unit-test";
		};
/* End PBXNativeTarget section */

/* Begin PBXProject section */
		8C615F8B2038868F005DFF23 /* Project object */ = {
			isa = PBXProject;
			attributes = {
				LastSwiftUpdateCheck = 0920;
				LastUpgradeCheck = 0920;
				ORGANIZATIONNAME = "Jamie Williamson";
				TargetAttributes = {
					8C615F922038868F005DFF23 = {
						CreatedOnToolsVersion = 9.2;
						ProvisioningStyle = Automatic;
					};
					8C615FA620388690005DFF23 = {
						CreatedOnToolsVersion = 9.2;
						ProvisioningStyle = Automatic;
						TestTargetID = 8C615F922038868F005DFF23;
					};
				};
			};
			buildConfigurationList = 8C615F8E2038868F005DFF23 /* Build configuration list for PBXProject "Pastichio" */;
			compatibilityVersion = "Xcode 8.0";
			developmentRegion = en;
			hasScannedForEncodings = 0;
			knownRegions = (
				en,
				Base,
			);
			mainGroup = 8C615F8A2038868F005DFF23;
			productRefGroup = 8C615F9420388690005DFF23 /* Products */;
			projectDirPath = "";
			projectRoot = "";
			targets = (
				8C615F922038868F005DFF23 /* Pastichio */,
				8C615FA620388690005DFF23 /* PastichioTests */,
			);
		};
/* End PBXProject section */

/* Begin PBXResourcesBuildPhase section */
		8C615F912038868F005DFF23 /* Resources */ = {
			isa = PBXResourcesBuildPhase;
			buildActionMask = 2147483647;
			files = (
				8C615FA120388690005DFF23 /* LaunchScreen.storyboard in Resources */,
				8C615F9E20388690005DFF23 /* Assets.xcassets in Resources */,
				8C615F9C20388690005DFF23 /* Main.storyboard in Resources */,
			);
			runOnlyForDeploymentPostprocessing = 0;
		};
		8C615FA520388690005DFF23 /* Resources */ = {
			isa = PBXResourcesBuildPhase;
			buildActionMask = 2147483647;
			files = (
			);
			runOnlyForDeploymentPostprocessing = 0;
		};
/* End PBXResourcesBuildPhase section */

/* Begin PBXSourcesBuildPhase section */
		8C615F8F2038868F005DFF23 /* Sources */ = {
			isa = PBXSourcesBuildPhase;
			buildActionMask = 2147483647;
			files = (
				8CD38F742098A39B00FCD1C1 /* ImageSavingViewController.swift in Sources */,
				8C716D8F2098B09F00A94090 /* coreml_network.mlmodel in Sources */,
				8C615F9920388690005DFF23 /* ImageSelectionViewController.swift in Sources */,
				8C615F9720388690005DFF23 /* AppDelegate.swift in Sources */,
			);
			runOnlyForDeploymentPostprocessing = 0;
		};
		8C615FA320388690005DFF23 /* Sources */ = {
			isa = PBXSourcesBuildPhase;
			buildActionMask = 2147483647;
			files = (
				8C615FAC20388690005DFF23 /* PastichioTests.swift in Sources */,
			);
			runOnlyForDeploymentPostprocessing = 0;
		};
/* End PBXSourcesBuildPhase section */

/* Begin PBXTargetDependency section */
		8C615FA920388690005DFF23 /* PBXTargetDependency */ = {
			isa = PBXTargetDependency;
			target = 8C615F922038868F005DFF23 /* Pastichio */;
			targetProxy = 8C615FA820388690005DFF23 /* PBXContainerItemProxy */;
		};
/* End PBXTargetDependency section */

/* Begin PBXVariantGroup section */
		8C615F9A20388690005DFF23 /* Main.storyboard */ = {
			isa = PBXVariantGroup;
			children = (
				8C615F9B20388690005DFF23 /* Base */,
			);
			name = Main.storyboard;
			sourceTree = "<group>";
		};
		8C615F9F20388690005DFF23 /* LaunchScreen.storyboard */ = {
			isa = PBXVariantGroup;
			children = (
				8C615FA020388690005DFF23 /* Base */,
			);
			name = LaunchScreen.storyboard;
			sourceTree = "<group>";
		};
/* End PBXVariantGroup section */

/* Begin XCBuildConfiguration section */
		8C615FAE20388690005DFF23 /* Debug */ = {
			isa = XCBuildConfiguration;
			buildSettings = {
				ALWAYS_SEARCH_USER_PATHS = NO;
				CLANG_ANALYZER_NONNULL = YES;
				CLANG_ANALYZER_NUMBER_OBJECT_CONVERSION = YES_AGGRESSIVE;
				CLANG_CXX_LANGUAGE_STANDARD = "gnu++14";
				CLANG_CXX_LIBRARY = "libc++";
				CLANG_ENABLE_MODULES = YES;
				CLANG_ENABLE_OBJC_ARC = YES;
				CLANG_WARN_BLOCK_CAPTURE_AUTORELEASING = YES;
				CLANG_WARN_BOOL_CONVERSION = YES;
				CLANG_WARN_COMMA = YES;
				CLANG_WARN_CONSTANT_CONVERSION = YES;
				CLANG_WARN_DIRECT_OBJC_ISA_USAGE = YES_ERROR;
				CLANG_WARN_DOCUMENTATION_COMMENTS = YES;
				CLANG_WARN_EMPTY_BODY = YES;
				CLANG_WARN_ENUM_CONVERSION = YES;
				CLANG_WARN_INFINITE_RECURSION = YES;
				CLANG_WARN_INT_CONVERSION = YES;
				CLANG_WARN_NON_LITERAL_NULL_CONVERSION = YES;
				CLANG_WARN_OBJC_LITERAL_CONVERSION = YES;
				CLANG_WARN_OBJC_ROOT_CLASS = YES_ERROR;
				CLANG_WARN_RANGE_LOOP_ANALYSIS = YES;
				CLANG_WARN_STRICT_PROTOTYPES = YES;
				CLANG_WARN_SUSPICIOUS_MOVE = YES;
				CLANG_WARN_UNGUARDED_AVAILABILITY = YES_AGGRESSIVE;
				CLANG_WARN_UNREACHABLE_CODE = YES;
				CLANG_WARN__DUPLICATE_METHOD_MATCH = YES;
				CODE_SIGN_IDENTITY = "iPhone Developer";
				COPY_PHASE_STRIP = NO;
				DEBUG_INFORMATION_FORMAT = dwarf;
				ENABLE_STRICT_OBJC_MSGSEND = YES;
				ENABLE_TESTABILITY = YES;
				GCC_C_LANGUAGE_STANDARD = gnu11;
				GCC_DYNAMIC_NO_PIC = NO;
				GCC_NO_COMMON_BLOCKS = YES;
				GCC_OPTIMIZATION_LEVEL = 0;
				GCC_PREPROCESSOR_DEFINITIONS = (
					"DEBUG=1",
					"$(inherited)",
				);
				GCC_WARN_64_TO_32_BIT_CONVERSION = YES;
				GCC_WARN_ABOUT_RETURN_TYPE = YES_ERROR;
				GCC_WARN_UNDECLARED_SELECTOR = YES;
				GCC_WARN_UNINITIALIZED_AUTOS = YES_AGGRESSIVE;
				GCC_WARN_UNUSED_FUNCTION = YES;
				GCC_WARN_UNUSED_VARIABLE = YES;
				IPHONEOS_DEPLOYMENT_TARGET = 11.2;
				MTL_ENABLE_DEBUG_INFO = YES;
				ONLY_ACTIVE_ARCH = YES;
				SDKROOT = iphoneos;
				SWIFT_ACTIVE_COMPILATION_CONDITIONS = DEBUG;
				SWIFT_OPTIMIZATION_LEVEL = "-Onone";
			};
			name = Debug;
		};
		8C615FAF20388690005DFF23 /* Release */ = {
			isa = XCBuildConfiguration;
			buildSettings = {
				ALWAYS_SEARCH_USER_PATHS = NO;
				CLANG_ANALYZER_NONNULL = YES;
				CLANG_ANALYZER_NUMBER_OBJECT_CONVERSION = YES_AGGRESSIVE;
				CLANG_CXX_LANGUAGE_STANDARD = "gnu++14";
				CLANG_CXX_LIBRARY = "libc++";
				CLANG_ENABLE_MODULES = YES;
				CLANG_ENABLE_OBJC_ARC = YES;
				CLANG_WARN_BLOCK_CAPTURE_AUTORELEASING = YES;
				CLANG_WARN_BOOL_CONVERSION = YES;
				CLANG_WARN_COMMA = YES;
				CLANG_WARN_CONSTANT_CONVERSION = YES;
				CLANG_WARN_DIRECT_OBJC_ISA_USAGE = YES_ERROR;
				CLANG_WARN_DOCUMENTATION_COMMENTS = YES;
				CLANG_WARN_EMPTY_BODY = YES;
				CLANG_WARN_ENUM_CONVERSION = YES;
				CLANG_WARN_INFINITE_RECURSION = YES;
				CLANG_WARN_INT_CONVERSION = YES;
				CLANG_WARN_NON_LITERAL_NULL_CONVERSION = YES;
				CLANG_WARN_OBJC_LITERAL_CONVERSION = YES;
				CLANG_WARN_OBJC_ROOT_CLASS = YES_ERROR;
				CLANG_WARN_RANGE_LOOP_ANALYSIS = YES;
				CLANG_WARN_STRICT_PROTOTYPES = YES;
				CLANG_WARN_SUSPICIOUS_MOVE = YES;
				CLANG_WARN_UNGUARDED_AVAILABILITY = YES_AGGRESSIVE;
				CLANG_WARN_UNREACHABLE_CODE = YES;
				CLANG_WARN__DUPLICATE_METHOD_MATCH = YES;
				CODE_SIGN_IDENTITY = "iPhone Developer";
				COPY_PHASE_STRIP = NO;
				DEBUG_INFORMATION_FORMAT = "dwarf-with-dsym";
				ENABLE_NS_ASSERTIONS = NO;
				ENABLE_STRICT_OBJC_MSGSEND = YES;
				GCC_C_LANGUAGE_STANDARD = gnu11;
				GCC_NO_COMMON_BLOCKS = YES;
				GCC_WARN_64_TO_32_BIT_CONVERSION = YES;
				GCC_WARN_ABOUT_RETURN_TYPE = YES_ERROR;
				GCC_WARN_UNDECLARED_SELECTOR = YES;
				GCC_WARN_UNINITIALIZED_AUTOS = YES_AGGRESSIVE;
				GCC_WARN_UNUSED_FUNCTION = YES;
				GCC_WARN_UNUSED_VARIABLE = YES;
				IPHONEOS_DEPLOYMENT_TARGET = 11.2;
				MTL_ENABLE_DEBUG_INFO = NO;
				SDKROOT = iphoneos;
				SWIFT_OPTIMIZATION_LEVEL = "-Owholemodule";
				VALIDATE_PRODUCT = YES;
			};
			name = Release;
		};
		8C615FB120388690005DFF23 /* Debug */ = {
			isa = XCBuildConfiguration;
			buildSettings = {
				ASSETCATALOG_COMPILER_APPICON_NAME = AppIcon;
				CODE_SIGN_STYLE = Automatic;
				DEVELOPMENT_TEAM = 7DW9976V92;
				INFOPLIST_FILE = Pastichio/Info.plist;
				LD_RUNPATH_SEARCH_PATHS = "$(inherited) @executable_path/Frameworks";
				PRODUCT_BUNDLE_IDENTIFIER = JW.Pastichio;
				PRODUCT_NAME = "$(TARGET_NAME)";
				SWIFT_VERSION = 4.0;
				TARGETED_DEVICE_FAMILY = "1,2";
			};
			name = Debug;
		};
		8C615FB220388690005DFF23 /* Release */ = {
			isa = XCBuildConfiguration;
			buildSettings = {
				ASSETCATALOG_COMPILER_APPICON_NAME = AppIcon;
				CODE_SIGN_STYLE = Automatic;
				DEVELOPMENT_TEAM = 7DW9976V92;
				INFOPLIST_FILE = Pastichio/Info.plist;
				LD_RUNPATH_SEARCH_PATHS = "$(inherited) @executable_path/Frameworks";
				PRODUCT_BUNDLE_IDENTIFIER = JW.Pastichio;
				PRODUCT_NAME = "$(TARGET_NAME)";
				SWIFT_VERSION = 4.0;
				TARGETED_DEVICE_FAMILY = "1,2";
			};
			name = Release;
		};
		8C615FB420388690005DFF23 /* Debug */ = {
			isa = XCBuildConfiguration;
			buildSettings = {
				ALWAYS_EMBED_SWIFT_STANDARD_LIBRARIES = YES;
				BUNDLE_LOADER = "$(TEST_HOST)";
				CODE_SIGN_STYLE = Automatic;
				INFOPLIST_FILE = PastichioTests/Info.plist;
				LD_RUNPATH_SEARCH_PATHS = "$(inherited) @executable_path/Frameworks @loader_path/Frameworks";
				PRODUCT_BUNDLE_IDENTIFIER = JW.PastichioTests;
				PRODUCT_NAME = "$(TARGET_NAME)";
				SWIFT_VERSION = 4.0;
				TARGETED_DEVICE_FAMILY = "1,2";
				TEST_HOST = "$(BUILT_PRODUCTS_DIR)/Pastichio.app/Pastichio";
			};
			name = Debug;
		};
		8C615FB520388690005DFF23 /* Release */ = {
			isa = XCBuildConfiguration;
			buildSettings = {
				ALWAYS_EMBED_SWIFT_STANDARD_LIBRARIES = YES;
				BUNDLE_LOADER = "$(TEST_HOST)";
				CODE_SIGN_STYLE = Automatic;
				INFOPLIST_FILE = PastichioTests/Info.plist;
				LD_RUNPATH_SEARCH_PATHS = "$(inherited) @executable_path/Frameworks @loader_path/Frameworks";
				PRODUCT_BUNDLE_IDENTIFIER = JW.PastichioTests;
				PRODUCT_NAME = "$(TARGET_NAME)";
				SWIFT_VERSION = 4.0;
				TARGETED_DEVICE_FAMILY = "1,2";
				TEST_HOST = "$(BUILT_PRODUCTS_DIR)/Pastichio.app/Pastichio";
			};
			name = Release;
		};
/* End XCBuildConfiguration section */

/* Begin XCConfigurationList section */
		8C615F8E2038868F005DFF23 /* Build configuration list for PBXProject "Pastichio" */ = {
			isa = XCConfigurationList;
			buildConfigurations = (
				8C615FAE20388690005DFF23 /* Debug */,
				8C615FAF20388690005DFF23 /* Release */,
			);
			defaultConfigurationIsVisible = 0;
			defaultConfigurationName = Release;
		};
		8C615FB020388690005DFF23 /* Build configuration list for PBXNativeTarget "Pastichio" */ = {
			isa = XCConfigurationList;
			buildConfigurations = (
				8C615FB120388690005DFF23 /* Debug */,
				8C615FB220388690005DFF23 /* Release */,
			);
			defaultConfigurationIsVisible = 0;
			defaultConfigurationName = Release;
		};
		8C615FB320388690005DFF23 /* Build configuration list for PBXNativeTarget "PastichioTests" */ = {
			isa = XCConfigurationList;
			buildConfigurations = (
				8C615FB420388690005DFF23 /* Debug */,
				8C615FB520388690005DFF23 /* Release */,
			);
			defaultConfigurationIsVisible = 0;
			defaultConfigurationName = Release;
		};
/* End XCConfigurationList section */
	};
	rootObject = 8C615F8B2038868F005DFF23 /* Project object */;
}
